{
  "name": "linter",
  "version": "1.0.0",
  "lockfileVersion": 1,
  "requires": true,
  "dependencies": {
    "@hapi/hoek": {
      "version": "9.1.1",
      "resolved": "https://registry.npmjs.org/@hapi/hoek/-/hoek-9.1.1.tgz",
      "integrity": "sha512-CAEbWH7OIur6jEOzaai83jq3FmKmv4PmX1JYfs9IrYcGEVI/lyL1EXJGCj7eFVJ0bg5QR8LMxBlEtA+xKiLpFw=="
    },
    "@hapi/topo": {
      "version": "5.0.0",
      "resolved": "https://registry.npmjs.org/@hapi/topo/-/topo-5.0.0.tgz",
      "integrity": "sha512-tFJlT47db0kMqVm3H4nQYgn6Pwg10GTZHb1pwmSiv1K4ks6drQOtfEF5ZnPjkvC+y4/bUPHK+bc87QvLcL+WMw==",
      "requires": {
        "@hapi/hoek": "^9.0.0"
      }
    },
    "@sideway/address": {
      "version": "4.1.0",
      "resolved": "https://registry.npmjs.org/@sideway/address/-/address-4.1.0.tgz",
      "integrity": "sha512-wAH/JYRXeIFQRsxerIuLjgUu2Xszam+O5xKeatJ4oudShOOirfmsQ1D6LL54XOU2tizpCYku+s1wmU0SYdpoSA==",
      "requires": {
        "@hapi/hoek": "^9.0.0"
      }
    },
    "@sideway/formula": {
      "version": "3.0.0",
      "resolved": "https://registry.npmjs.org/@sideway/formula/-/formula-3.0.0.tgz",
      "integrity": "sha512-vHe7wZ4NOXVfkoRb8T5otiENVlT7a3IAiw7H5M2+GO+9CDgcVUUsX1zalAztCmwyOr2RUTGJdgB+ZvSVqmdHmg=="
    },
    "@sideway/pinpoint": {
      "version": "2.0.0",
      "resolved": "https://registry.npmjs.org/@sideway/pinpoint/-/pinpoint-2.0.0.tgz",
      "integrity": "sha512-RNiOoTPkptFtSVzQevY/yWtZwf/RxyVnPy/OcA9HBM3MlGDnBEYL5B41H0MTn0Uec8Hi+2qUtTfG2WWZBmMejQ=="
    },
    "joi": {
      "version": "17.3.0",
      "resolved": "https://registry.npmjs.org/joi/-/joi-17.3.0.tgz",
      "integrity": "sha512-Qh5gdU6niuYbUIUV5ejbsMiiFmBdw8Kcp8Buj2JntszCkCfxJ9Cz76OtHxOZMPXrt5810iDIXs+n1nNVoquHgg==",
      "requires": {
        "@hapi/hoek": "^9.0.0",
        "@hapi/topo": "^5.0.0",
        "@sideway/address": "^4.1.0",
        "@sideway/formula": "^3.0.0",
        "@sideway/pinpoint": "^2.0.0"
      }
    }
  }
}
